github.com/linxGnu/gosmpp v0.1.9 h1:EH4xSJN25p2MFlv/8B5zykdpPPdHCtTqV9gpuWwAEW8=
github.com/linxGnu/gosmpp v0.1.9/go.mod h1:UpJwpDhL0yq05gUqaLwZ8+Qc7qy1pl35EjxWtRLW6ks=
golang.org/x/text v0.14.0 h1:ScX5w1eTa3QqT8oi6+ziP7dTV1S2+ALU0bI+0zXKWiQ=
golang.org/x/text v0.14.0/go.mod h1:18ZOQIKpY8NJVqYksKHtTdi31H5itFRjB5/qKTNYzSU=
